
Microsoft Visual Studio Solution File, Format Version 12.00
# Visual Studio Version 17
VisualStudioVersion = 17.10.35122.118
MinimumVisualStudioVersion = 10.0.40219.1
Project("{FAE04EC0-301F-11D3-BF4B-00C04F79EFBC}") = "PedidosApp", "PedidosApp.csproj", "{04F5DED5-BA18-444C-BB63-5D1CEAE650D4}"
EndProject
Project("{FAE04EC0-301F-11D3-BF4B-00C04F79EFBC}") = "CapaNegocio", "..\CapaNegocio\CapaNegocio.csproj", "{4FA73F2F-B728-4C75-86DD-46B70E7D4FE6}"
EndProject
Project("{FAE04EC0-301F-11D3-BF4B-00C04F79EFBC}") = "CapaDatos", "..\CapaDatos\CapaDatos.csproj", "{BB3FCE55-27FC-4CEC-BB8D-7834373BF110}"
EndProject
Global
	GlobalSection(SolutionConfigurationPlatforms) = preSolution
		Debug|Any CPU = Debug|Any CPU
		Release|Any CPU = Release|Any CPU
	EndGlobalSection
	GlobalSection(ProjectConfigurationPlatforms) = postSolution
		{04F5DED5-BA18-444C-BB63-5D1CEAE650D4}.Debug|Any CPU.ActiveCfg = Debug|Any CPU
		{04F5DED5-BA18-444C-BB63-5D1CEAE650D4}.Debug|Any CPU.Build.0 = Debug|Any CPU
		{04F5DED5-BA18-444C-BB63-5D1CEAE650D4}.Release|Any CPU.ActiveCfg = Release|Any CPU
		{04F5DED5-BA18-444C-BB63-5D1CEAE650D4}.Release|Any CPU.Build.0 = Release|Any CPU
		{4FA73F2F-B728-4C75-86DD-46B70E7D4FE6}.Debug|Any CPU.ActiveCfg = Debug|Any CPU
		{4FA73F2F-B728-4C75-86DD-46B70E7D4FE6}.Debug|Any CPU.Build.0 = Debug|Any CPU
		{4FA73F2F-B728-4C75-86DD-46B70E7D4FE6}.Release|Any CPU.ActiveCfg = Release|Any CPU
		{4FA73F2F-B728-4C75-86DD-46B70E7D4FE6}.Release|Any CPU.Build.0 = Release|Any CPU
		{BB3FCE55-27FC-4CEC-BB8D-7834373BF110}.Debug|Any CPU.ActiveCfg = Debug|Any CPU
		{BB3FCE55-27FC-4CEC-BB8D-7834373BF110}.Debug|Any CPU.Build.0 = Debug|Any CPU
		{BB3FCE55-27FC-4CEC-BB8D-7834373BF110}.Release|Any CPU.ActiveCfg = Release|Any CPU
		{BB3FCE55-27FC-4CEC-BB8D-7834373BF110}.Release|Any CPU.Build.0 = Release|Any CPU
	EndGlobalSection
	GlobalSection(SolutionProperties) = preSolution
		HideSolutionNode = FALSE
	EndGlobalSection
	GlobalSection(ExtensibilityGlobals) = postSolution
		SolutionGuid = {A600465A-B5D1-4A3E-8D86-F29869E30A91}
	EndGlobalSection
EndGlobal
